# THIS IS AN AUTOGENERATED FILE. DO NOT EDIT THIS FILE DIRECTLY.
# yarn lockfile v1


miniprogram-api-typings@^3.2.0:
  version "3.2.0"
  resolved "https://registry.yarnpkg.com/miniprogram-api-typings/-/miniprogram-api-typings-3.2.0.tgz#5ba1225393167e242039e4131c343b5a688aea80"
  integrity sha512-6A4UX9nCvJolPrgqZ0MIg2+3ZuROi1ExN+JcI0/R1SLroU3R3mjsg+hRkz4RWShYsumMsqmiicP7U4yeXICxiw==

typescript@^3.3.3333:
  version "3.9.7"
  resolved "https://registry.yarnpkg.com/typescript/-/typescript-3.9.7.tgz#98d600a5ebdc38f40cb277522f12dc800e9e25fa"
  integrity sha512-BLbiRkiBzAwsjut4x/dsibSTB6yWpwT5qWmC2OfuCg3GgVQCSgMs4vEctYPhsaGtd0AeuuHMkjZ2h2WG8MSzRw==

weui-miniprogram@^1.0.6:
  version "1.0.6"
  resolved "https://registry.yarnpkg.com/weui-miniprogram/-/weui-miniprogram-1.0.6.tgz#26743824e0f79b92e4417a3db3d17f7631d880dc"
  integrity sha512-ZegGoOE6Gok3YkTTmlbsgAnd6+0SyqREzfCy160ttW3TC884bkgMHj9zZeXIPQSbIp18rg99I5qWJr5o44QodQ==
