# THIS IS AN AUTOGENERATED FILE. DO NOT EDIT THIS FILE DIRECTLY.
# yarn lockfile v1


miniprogram-api-typings@^3.1.6:
  version "3.1.6"
  resolved "https://registry.yarnpkg.com/miniprogram-api-typings/-/miniprogram-api-typings-3.1.6.tgz#d4fcb47d6dddc041205adbab9161010f459b9f33"
  integrity sha512-ZWts+C7jKmhiZS+u9sMsrk8oz5ylTC9OIIDlIWB7mj1k5DcduxOdCL+bdqREs3sqbFMfA1jqrrnvqTm45hbjfA==

weui-miniprogram@^1.0.6:
  version "1.0.6"
  resolved "https://registry.yarnpkg.com/weui-miniprogram/-/weui-miniprogram-1.0.6.tgz#26743824e0f79b92e4417a3db3d17f7631d880dc"
  integrity sha512-ZegGoOE6Gok3YkTTmlbsgAnd6+0SyqREzfCy160ttW3TC884bkgMHj9zZeXIPQSbIp18rg99I5qWJr5o44QodQ==
